
Microsoft Visual Studio Solution File, Format Version 12.00
# Visual Studio 14
VisualStudioVersion = 14.0.24720.0
MinimumVisualStudioVersion = 10.0.40219.1
Project("{FAE04EC0-301F-11D3-BF4B-00C04F79EFBC}") = "Virgil", "Virgil\Virgil.csproj", "{34981736-70AB-4774-A664-0F45794CD390}"
EndProject
Project("{FAE04EC0-301F-11D3-BF4B-00C04F79EFBC}") = "Virgil.iOS", "iOS\Virgil.iOS.csproj", "{89B3C396-483B-4B1A-91D5-50D27019D681}"
EndProject
Project("{FAE04EC0-301F-11D3-BF4B-00C04F79EFBC}") = "Virgil.Droid", "Droid\Virgil.Droid.csproj", "{EADC90C1-6090-42CD-A819-ECB6D0F18605}"
EndProject
Global
	GlobalSection(SolutionConfigurationPlatforms) = preSolution
		Debug|Any CPU = Debug|Any CPU
		Debug|iPhone = Debug|iPhone
		Debug|iPhoneSimulator = Debug|iPhoneSimulator
		Release|Any CPU = Release|Any CPU
		Release|iPhone = Release|iPhone
		Release|iPhoneSimulator = Release|iPhoneSimulator
	EndGlobalSection
	GlobalSection(ProjectConfigurationPlatforms) = postSolution
		{34981736-70AB-4774-A664-0F45794CD390}.Debug|Any CPU.ActiveCfg = Debug|Any CPU
		{34981736-70AB-4774-A664-0F45794CD390}.Debug|Any CPU.Build.0 = Debug|Any CPU
		{34981736-70AB-4774-A664-0F45794CD390}.Debug|iPhone.ActiveCfg = Debug|Any CPU
		{34981736-70AB-4774-A664-0F45794CD390}.Debug|iPhone.Build.0 = Debug|Any CPU
		{34981736-70AB-4774-A664-0F45794CD390}.Debug|iPhoneSimulator.ActiveCfg = Debug|Any CPU
		{34981736-70AB-4774-A664-0F45794CD390}.Debug|iPhoneSimulator.Build.0 = Debug|Any CPU
		{34981736-70AB-4774-A664-0F45794CD390}.Release|Any CPU.ActiveCfg = Release|Any CPU
		{34981736-70AB-4774-A664-0F45794CD390}.Release|Any CPU.Build.0 = Release|Any CPU
		{34981736-70AB-4774-A664-0F45794CD390}.Release|iPhone.ActiveCfg = Release|Any CPU
		{34981736-70AB-4774-A664-0F45794CD390}.Release|iPhone.Build.0 = Release|Any CPU
		{34981736-70AB-4774-A664-0F45794CD390}.Release|iPhoneSimulator.ActiveCfg = Release|Any CPU
		{34981736-70AB-4774-A664-0F45794CD390}.Release|iPhoneSimulator.Build.0 = Release|Any CPU
		{89B3C396-483B-4B1A-91D5-50D27019D681}.Debug|Any CPU.ActiveCfg = Debug|iPhoneSimulator
		{89B3C396-483B-4B1A-91D5-50D27019D681}.Debug|iPhone.ActiveCfg = AppStore|iPhone
		{89B3C396-483B-4B1A-91D5-50D27019D681}.Debug|iPhone.Build.0 = AppStore|iPhone
		{89B3C396-483B-4B1A-91D5-50D27019D681}.Debug|iPhoneSimulator.ActiveCfg = Debug|iPhoneSimulator
		{89B3C396-483B-4B1A-91D5-50D27019D681}.Debug|iPhoneSimulator.Build.0 = Debug|iPhoneSimulator
		{89B3C396-483B-4B1A-91D5-50D27019D681}.Release|Any CPU.ActiveCfg = Release|iPhone
		{89B3C396-483B-4B1A-91D5-50D27019D681}.Release|Any CPU.Build.0 = Release|iPhone
		{89B3C396-483B-4B1A-91D5-50D27019D681}.Release|iPhone.ActiveCfg = Release|iPhone
		{89B3C396-483B-4B1A-91D5-50D27019D681}.Release|iPhone.Build.0 = Release|iPhone
		{89B3C396-483B-4B1A-91D5-50D27019D681}.Release|iPhoneSimulator.ActiveCfg = Release|iPhoneSimulator
		{89B3C396-483B-4B1A-91D5-50D27019D681}.Release|iPhoneSimulator.Build.0 = Release|iPhoneSimulator
		{89B3C396-483B-4B1A-91D5-50D27019D681}.Release|iPhoneSimulator.Deploy.0 = Release|iPhoneSimulator
		{89B3C396-483B-4B1A-91D5-50D27019D681}.Debug|Any CPU.Build.0 = Debug|iPhoneSimulator
		{EADC90C1-6090-42CD-A819-ECB6D0F18605}.Debug|Any CPU.ActiveCfg = Debug|Any CPU
		{EADC90C1-6090-42CD-A819-ECB6D0F18605}.Debug|Any CPU.Build.0 = Debug|Any CPU
		{EADC90C1-6090-42CD-A819-ECB6D0F18605}.Debug|Any CPU.Deploy.0 = Debug|Any CPU
		{EADC90C1-6090-42CD-A819-ECB6D0F18605}.Debug|iPhone.ActiveCfg = Debug|Any CPU
		{EADC90C1-6090-42CD-A819-ECB6D0F18605}.Debug|iPhone.Build.0 = Debug|Any CPU
		{EADC90C1-6090-42CD-A819-ECB6D0F18605}.Debug|iPhone.Deploy.0 = Debug|Any CPU
		{EADC90C1-6090-42CD-A819-ECB6D0F18605}.Debug|iPhoneSimulator.ActiveCfg = Debug|Any CPU
		{EADC90C1-6090-42CD-A819-ECB6D0F18605}.Debug|iPhoneSimulator.Build.0 = Debug|Any CPU
		{EADC90C1-6090-42CD-A819-ECB6D0F18605}.Debug|iPhoneSimulator.Deploy.0 = Debug|Any CPU
		{EADC90C1-6090-42CD-A819-ECB6D0F18605}.Release|Any CPU.ActiveCfg = Release|Any CPU
		{EADC90C1-6090-42CD-A819-ECB6D0F18605}.Release|Any CPU.Build.0 = Release|Any CPU
		{EADC90C1-6090-42CD-A819-ECB6D0F18605}.Release|Any CPU.Deploy.0 = Release|Any CPU
		{EADC90C1-6090-42CD-A819-ECB6D0F18605}.Release|iPhone.ActiveCfg = Release|Any CPU
		{EADC90C1-6090-42CD-A819-ECB6D0F18605}.Release|iPhoneSimulator.ActiveCfg = Release|Any CPU
		{EADC90C1-6090-42CD-A819-ECB6D0F18605}.Release|iPhoneSimulator.Build.0 = Release|Any CPU
		{EADC90C1-6090-42CD-A819-ECB6D0F18605}.Release|iPhoneSimulator.Deploy.0 = Release|Any CPU
	EndGlobalSection
	GlobalSection(SolutionProperties) = preSolution
		HideSolutionNode = FALSE
	EndGlobalSection
	GlobalSection(MonoDevelopProperties) = preSolution
		version = 1.0
	EndGlobalSection
EndGlobal
