
Microsoft Visual Studio Solution File, Format Version 12.00
# Visual Studio 14
VisualStudioVersion = 14.0.23107.0
MinimumVisualStudioVersion = 10.0.40219.1
Project("{FAE04EC0-301F-11D3-BF4B-00C04F79EFBC}") = "Virgil", "Virgil\Virgil.csproj", "{34981736-70AB-4774-A664-0F45794CD390}"
EndProject
Project("{FAE04EC0-301F-11D3-BF4B-00C04F79EFBC}") = "Virgil.iOS", "iOS\Virgil.iOS.csproj", "{89B3C396-483B-4B1A-91D5-50D27019D681}"
EndProject
Project("{FAE04EC0-301F-11D3-BF4B-00C04F79EFBC}") = "Virgil.Droid", "Droid\Virgil.Droid.csproj", "{4D5F16CB-E9A5-4BFB-8F09-6EF37F91282C}"
EndProject
Project("{FAE04EC0-301F-11D3-BF4B-00C04F79EFBC}") = "Virgil.UITests", "UITests\Virgil.UITests.csproj", "{CFD80F21-A670-4608-9864-D05A74A1CD51}"
EndProject
Global
	GlobalSection(SolutionConfigurationPlatforms) = preSolution
		Debug|Any CPU = Debug|Any CPU
		Debug|iPhone = Debug|iPhone
		Debug|iPhoneSimulator = Debug|iPhoneSimulator
		Release|Any CPU = Release|Any CPU
		Release|iPhone = Release|iPhone
		Release|iPhoneSimulator = Release|iPhoneSimulator
	EndGlobalSection
	GlobalSection(ProjectConfigurationPlatforms) = postSolution
		{34981736-70AB-4774-A664-0F45794CD390}.Debug|Any CPU.ActiveCfg = Debug|Any CPU
		{34981736-70AB-4774-A664-0F45794CD390}.Debug|Any CPU.Build.0 = Debug|Any CPU
		{34981736-70AB-4774-A664-0F45794CD390}.Debug|iPhone.ActiveCfg = Debug|Any CPU
		{34981736-70AB-4774-A664-0F45794CD390}.Debug|iPhone.Build.0 = Debug|Any CPU
		{34981736-70AB-4774-A664-0F45794CD390}.Debug|iPhoneSimulator.ActiveCfg = Debug|Any CPU
		{34981736-70AB-4774-A664-0F45794CD390}.Debug|iPhoneSimulator.Build.0 = Debug|Any CPU
		{34981736-70AB-4774-A664-0F45794CD390}.Release|Any CPU.ActiveCfg = Release|Any CPU
		{34981736-70AB-4774-A664-0F45794CD390}.Release|Any CPU.Build.0 = Release|Any CPU
		{34981736-70AB-4774-A664-0F45794CD390}.Release|iPhone.ActiveCfg = Release|Any CPU
		{34981736-70AB-4774-A664-0F45794CD390}.Release|iPhone.Build.0 = Release|Any CPU
		{34981736-70AB-4774-A664-0F45794CD390}.Release|iPhoneSimulator.ActiveCfg = Release|Any CPU
		{34981736-70AB-4774-A664-0F45794CD390}.Release|iPhoneSimulator.Build.0 = Release|Any CPU
		{89B3C396-483B-4B1A-91D5-50D27019D681}.Debug|Any CPU.ActiveCfg = Debug|iPhoneSimulator
		{89B3C396-483B-4B1A-91D5-50D27019D681}.Debug|Any CPU.Build.0 = Debug|iPhoneSimulator
		{89B3C396-483B-4B1A-91D5-50D27019D681}.Debug|iPhone.ActiveCfg = Debug|iPhone
		{89B3C396-483B-4B1A-91D5-50D27019D681}.Debug|iPhone.Build.0 = Debug|iPhone
		{89B3C396-483B-4B1A-91D5-50D27019D681}.Debug|iPhoneSimulator.ActiveCfg = Debug|iPhoneSimulator
		{89B3C396-483B-4B1A-91D5-50D27019D681}.Debug|iPhoneSimulator.Build.0 = Debug|iPhoneSimulator
		{89B3C396-483B-4B1A-91D5-50D27019D681}.Release|Any CPU.ActiveCfg = Release|iPhone
		{89B3C396-483B-4B1A-91D5-50D27019D681}.Release|Any CPU.Build.0 = Release|iPhone
		{89B3C396-483B-4B1A-91D5-50D27019D681}.Release|iPhone.ActiveCfg = Release|iPhone
		{89B3C396-483B-4B1A-91D5-50D27019D681}.Release|iPhone.Build.0 = Release|iPhone
		{89B3C396-483B-4B1A-91D5-50D27019D681}.Release|iPhoneSimulator.ActiveCfg = Release|iPhoneSimulator
		{89B3C396-483B-4B1A-91D5-50D27019D681}.Release|iPhoneSimulator.Build.0 = Release|iPhoneSimulator
		{89B3C396-483B-4B1A-91D5-50D27019D681}.Release|iPhoneSimulator.Deploy.0 = Release|iPhoneSimulator
		{4D5F16CB-E9A5-4BFB-8F09-6EF37F91282C}.Debug|Any CPU.ActiveCfg = Debug|Any CPU
		{4D5F16CB-E9A5-4BFB-8F09-6EF37F91282C}.Debug|Any CPU.Build.0 = Debug|Any CPU
		{4D5F16CB-E9A5-4BFB-8F09-6EF37F91282C}.Debug|Any CPU.Deploy.0 = Debug|Any CPU
		{4D5F16CB-E9A5-4BFB-8F09-6EF37F91282C}.Debug|iPhone.ActiveCfg = Debug|Any CPU
		{4D5F16CB-E9A5-4BFB-8F09-6EF37F91282C}.Debug|iPhone.Build.0 = Debug|Any CPU
		{4D5F16CB-E9A5-4BFB-8F09-6EF37F91282C}.Debug|iPhoneSimulator.ActiveCfg = Debug|Any CPU
		{4D5F16CB-E9A5-4BFB-8F09-6EF37F91282C}.Debug|iPhoneSimulator.Build.0 = Debug|Any CPU
		{4D5F16CB-E9A5-4BFB-8F09-6EF37F91282C}.Release|Any CPU.ActiveCfg = Release|Any CPU
		{4D5F16CB-E9A5-4BFB-8F09-6EF37F91282C}.Release|Any CPU.Build.0 = Release|Any CPU
		{4D5F16CB-E9A5-4BFB-8F09-6EF37F91282C}.Release|iPhone.ActiveCfg = Release|Any CPU
		{4D5F16CB-E9A5-4BFB-8F09-6EF37F91282C}.Release|iPhone.Build.0 = Release|Any CPU
		{4D5F16CB-E9A5-4BFB-8F09-6EF37F91282C}.Release|iPhoneSimulator.ActiveCfg = Release|Any CPU
		{4D5F16CB-E9A5-4BFB-8F09-6EF37F91282C}.Release|iPhoneSimulator.Build.0 = Release|Any CPU
		{CFD80F21-A670-4608-9864-D05A74A1CD51}.Debug|Any CPU.ActiveCfg = Debug|Any CPU
		{CFD80F21-A670-4608-9864-D05A74A1CD51}.Debug|Any CPU.Build.0 = Debug|Any CPU
		{CFD80F21-A670-4608-9864-D05A74A1CD51}.Debug|iPhone.ActiveCfg = Debug|Any CPU
		{CFD80F21-A670-4608-9864-D05A74A1CD51}.Debug|iPhone.Build.0 = Debug|Any CPU
		{CFD80F21-A670-4608-9864-D05A74A1CD51}.Debug|iPhoneSimulator.ActiveCfg = Debug|Any CPU
		{CFD80F21-A670-4608-9864-D05A74A1CD51}.Debug|iPhoneSimulator.Build.0 = Debug|Any CPU
		{CFD80F21-A670-4608-9864-D05A74A1CD51}.Release|Any CPU.ActiveCfg = Release|Any CPU
		{CFD80F21-A670-4608-9864-D05A74A1CD51}.Release|Any CPU.Build.0 = Release|Any CPU
		{CFD80F21-A670-4608-9864-D05A74A1CD51}.Release|iPhone.ActiveCfg = Release|Any CPU
		{CFD80F21-A670-4608-9864-D05A74A1CD51}.Release|iPhone.Build.0 = Release|Any CPU
		{CFD80F21-A670-4608-9864-D05A74A1CD51}.Release|iPhoneSimulator.ActiveCfg = Release|Any CPU
		{CFD80F21-A670-4608-9864-D05A74A1CD51}.Release|iPhoneSimulator.Build.0 = Release|Any CPU
	EndGlobalSection
	GlobalSection(SolutionProperties) = preSolution
		HideSolutionNode = FALSE
	EndGlobalSection
EndGlobal
