
Microsoft Visual Studio Solution File, Format Version 12.00
# Visual Studio 2012
Project("{FAE04EC0-301F-11D3-BF4B-00C04F79EFBC}") = "PodradioTheme.iOs.Sample", "PodradioTheme.iOs.Sample.csproj", "{904E114B-0032-4FFE-8DF4-8E6870E0AC21}"
EndProject
Global
	GlobalSection(SolutionConfigurationPlatforms) = preSolution
		Debug|iPhoneSimulator = Debug|iPhoneSimulator
		Release|iPhoneSimulator = Release|iPhoneSimulator
		Debug|iPhone = Debug|iPhone
		Release|iPhone = Release|iPhone
		Ad-Hoc|iPhone = Ad-Hoc|iPhone
		AppStore|iPhone = AppStore|iPhone
	EndGlobalSection
	GlobalSection(ProjectConfigurationPlatforms) = postSolution
		{904E114B-0032-4FFE-8DF4-8E6870E0AC21}.Ad-Hoc|iPhone.ActiveCfg = Ad-Hoc|iPhone
		{904E114B-0032-4FFE-8DF4-8E6870E0AC21}.Ad-Hoc|iPhone.Build.0 = Ad-Hoc|iPhone
		{904E114B-0032-4FFE-8DF4-8E6870E0AC21}.AppStore|iPhone.ActiveCfg = AppStore|iPhone
		{904E114B-0032-4FFE-8DF4-8E6870E0AC21}.AppStore|iPhone.Build.0 = AppStore|iPhone
		{904E114B-0032-4FFE-8DF4-8E6870E0AC21}.Debug|iPhone.ActiveCfg = Debug|iPhone
		{904E114B-0032-4FFE-8DF4-8E6870E0AC21}.Debug|iPhone.Build.0 = Debug|iPhone
		{904E114B-0032-4FFE-8DF4-8E6870E0AC21}.Debug|iPhoneSimulator.ActiveCfg = Debug|iPhoneSimulator
		{904E114B-0032-4FFE-8DF4-8E6870E0AC21}.Debug|iPhoneSimulator.Build.0 = Debug|iPhoneSimulator
		{904E114B-0032-4FFE-8DF4-8E6870E0AC21}.Release|iPhone.ActiveCfg = Release|iPhone
		{904E114B-0032-4FFE-8DF4-8E6870E0AC21}.Release|iPhone.Build.0 = Release|iPhone
		{904E114B-0032-4FFE-8DF4-8E6870E0AC21}.Release|iPhoneSimulator.ActiveCfg = Release|iPhoneSimulator
		{904E114B-0032-4FFE-8DF4-8E6870E0AC21}.Release|iPhoneSimulator.Build.0 = Release|iPhoneSimulator
		{D7FA1DCE-005D-4A6F-80CB-72B6564846B8}.Ad-Hoc|iPhone.ActiveCfg = Release|Any CPU
		{D7FA1DCE-005D-4A6F-80CB-72B6564846B8}.Ad-Hoc|iPhone.Build.0 = Release|Any CPU
		{D7FA1DCE-005D-4A6F-80CB-72B6564846B8}.AppStore|iPhone.ActiveCfg = Release|Any CPU
		{D7FA1DCE-005D-4A6F-80CB-72B6564846B8}.AppStore|iPhone.Build.0 = Release|Any CPU
		{D7FA1DCE-005D-4A6F-80CB-72B6564846B8}.Debug|iPhone.ActiveCfg = Debug|Any CPU
		{D7FA1DCE-005D-4A6F-80CB-72B6564846B8}.Debug|iPhone.Build.0 = Debug|Any CPU
		{D7FA1DCE-005D-4A6F-80CB-72B6564846B8}.Debug|iPhoneSimulator.ActiveCfg = Debug|Any CPU
		{D7FA1DCE-005D-4A6F-80CB-72B6564846B8}.Debug|iPhoneSimulator.Build.0 = Debug|Any CPU
		{D7FA1DCE-005D-4A6F-80CB-72B6564846B8}.Release|iPhone.ActiveCfg = Release|Any CPU
		{D7FA1DCE-005D-4A6F-80CB-72B6564846B8}.Release|iPhone.Build.0 = Release|Any CPU
		{D7FA1DCE-005D-4A6F-80CB-72B6564846B8}.Release|iPhoneSimulator.ActiveCfg = Release|Any CPU
		{D7FA1DCE-005D-4A6F-80CB-72B6564846B8}.Release|iPhoneSimulator.Build.0 = Release|Any CPU
	EndGlobalSection
	GlobalSection(MonoDevelopProperties) = preSolution
		StartupItem = PodradioTheme.iOs.Sample.csproj
	EndGlobalSection
EndGlobal
