
Microsoft Visual Studio Solution File, Format Version 11.00
# Visual Studio 2010
Project("{FAE04EC0-301F-11D3-BF4B-00C04F79EFBC}") = "GridlockedTheme.iOS.Sample-Classic", "GridlockedTheme.iOS.Sample-Classic.csproj", "{4BD17140-9D2C-474A-ABE0-68077BE94F2E}"
EndProject
Global
	GlobalSection(SolutionConfigurationPlatforms) = preSolution
		Debug|iPhoneSimulator = Debug|iPhoneSimulator
		Release|iPhoneSimulator = Release|iPhoneSimulator
		Debug|iPhone = Debug|iPhone
		Release|iPhone = Release|iPhone
		Ad-Hoc|iPhone = Ad-Hoc|iPhone
		AppStore|iPhone = AppStore|iPhone
	EndGlobalSection
	GlobalSection(ProjectConfigurationPlatforms) = postSolution
		{4BD17140-9D2C-474A-ABE0-68077BE94F2E}.Ad-Hoc|iPhone.ActiveCfg = Ad-Hoc|iPhone
		{4BD17140-9D2C-474A-ABE0-68077BE94F2E}.Ad-Hoc|iPhone.Build.0 = Ad-Hoc|iPhone
		{4BD17140-9D2C-474A-ABE0-68077BE94F2E}.AppStore|iPhone.ActiveCfg = AppStore|iPhone
		{4BD17140-9D2C-474A-ABE0-68077BE94F2E}.AppStore|iPhone.Build.0 = AppStore|iPhone
		{4BD17140-9D2C-474A-ABE0-68077BE94F2E}.Debug|iPhone.ActiveCfg = Debug|iPhone
		{4BD17140-9D2C-474A-ABE0-68077BE94F2E}.Debug|iPhone.Build.0 = Debug|iPhone
		{4BD17140-9D2C-474A-ABE0-68077BE94F2E}.Debug|iPhoneSimulator.ActiveCfg = Debug|iPhoneSimulator
		{4BD17140-9D2C-474A-ABE0-68077BE94F2E}.Debug|iPhoneSimulator.Build.0 = Debug|iPhoneSimulator
		{4BD17140-9D2C-474A-ABE0-68077BE94F2E}.Release|iPhone.ActiveCfg = Release|iPhone
		{4BD17140-9D2C-474A-ABE0-68077BE94F2E}.Release|iPhone.Build.0 = Release|iPhone
		{4BD17140-9D2C-474A-ABE0-68077BE94F2E}.Release|iPhoneSimulator.ActiveCfg = Release|iPhoneSimulator
		{4BD17140-9D2C-474A-ABE0-68077BE94F2E}.Release|iPhoneSimulator.Build.0 = Release|iPhoneSimulator
	EndGlobalSection
	GlobalSection(MonoDevelopProperties) = preSolution
		StartupItem = GridlockedTheme.iOS.Sample-Classic.csproj
		Policies = $0
		$0.TextStylePolicy = $1
		$1.inheritsSet = Mono
		$1.inheritsScope = text/plain
		$1.scope = text/x-csharp
		$0.CSharpFormattingPolicy = $2
		$2.inheritsSet = Mono
		$2.inheritsScope = text/x-csharp
		$2.scope = text/x-csharp
	EndGlobalSection
EndGlobal
