
Microsoft Visual Studio Solution File, Format Version 11.00
# Visual Studio 2010
Project("{FAE04EC0-301F-11D3-BF4B-00C04F79EFBC}") = "GridlockedTheme.iOS.Sample", "GridlockedTheme.iOS.Sample.csproj", "{51CB4047-9BA2-4FA5-BAB5-865EDD9C7556}"
EndProject
Global
	GlobalSection(SolutionConfigurationPlatforms) = preSolution
		Debug|iPhoneSimulator = Debug|iPhoneSimulator
		Release|iPhoneSimulator = Release|iPhoneSimulator
		Debug|iPhone = Debug|iPhone
		Release|iPhone = Release|iPhone
		Ad-Hoc|iPhone = Ad-Hoc|iPhone
		AppStore|iPhone = AppStore|iPhone
	EndGlobalSection
	GlobalSection(ProjectConfigurationPlatforms) = postSolution
		{51CB4047-9BA2-4FA5-BAB5-865EDD9C7556}.Ad-Hoc|iPhone.ActiveCfg = Ad-Hoc|iPhone
		{51CB4047-9BA2-4FA5-BAB5-865EDD9C7556}.Ad-Hoc|iPhone.Build.0 = Ad-Hoc|iPhone
		{51CB4047-9BA2-4FA5-BAB5-865EDD9C7556}.AppStore|iPhone.ActiveCfg = AppStore|iPhone
		{51CB4047-9BA2-4FA5-BAB5-865EDD9C7556}.AppStore|iPhone.Build.0 = AppStore|iPhone
		{51CB4047-9BA2-4FA5-BAB5-865EDD9C7556}.Debug|iPhone.ActiveCfg = Debug|iPhone
		{51CB4047-9BA2-4FA5-BAB5-865EDD9C7556}.Debug|iPhone.Build.0 = Debug|iPhone
		{51CB4047-9BA2-4FA5-BAB5-865EDD9C7556}.Debug|iPhoneSimulator.ActiveCfg = Debug|iPhoneSimulator
		{51CB4047-9BA2-4FA5-BAB5-865EDD9C7556}.Debug|iPhoneSimulator.Build.0 = Debug|iPhoneSimulator
		{51CB4047-9BA2-4FA5-BAB5-865EDD9C7556}.Release|iPhone.ActiveCfg = Release|iPhone
		{51CB4047-9BA2-4FA5-BAB5-865EDD9C7556}.Release|iPhone.Build.0 = Release|iPhone
		{51CB4047-9BA2-4FA5-BAB5-865EDD9C7556}.Release|iPhoneSimulator.ActiveCfg = Release|iPhoneSimulator
		{51CB4047-9BA2-4FA5-BAB5-865EDD9C7556}.Release|iPhoneSimulator.Build.0 = Release|iPhoneSimulator
	EndGlobalSection
	GlobalSection(MonoDevelopProperties) = preSolution
		StartupItem = GridlockedTheme.iOS.Sample.csproj
		Policies = $0
		$0.TextStylePolicy = $1
		$1.inheritsSet = Mono
		$1.inheritsScope = text/plain
		$1.scope = text/x-csharp
		$0.CSharpFormattingPolicy = $2
		$2.inheritsSet = Mono
		$2.inheritsScope = text/x-csharp
		$2.scope = text/x-csharp
	EndGlobalSection
EndGlobal
